{
  "pins" : [
    {
      "identity" : "af-workouts-player-ios",
      "kind" : "remoteSourceControl",
      "location" : "https://github.com/muuvlabs/af-workouts-player-ios",
      "state" : {
        "revision" : "dcf4c7fc18421b54eee70fd7df6e519e47202a21",
        "version" : "0.0.20"
      }
    }
  ],
  "version" : 2
}
