// !$*UTF8*$!
{
	archiveVersion = 1;
	classes = {
	};
	objectVersion = 56;
	objects = {

/* Begin PBXBuildFile section */
		BF425ABF29688A39003CA25C /* ExternalApp.swift in Sources */ = {isa = PBXBuildFile; fileRef = BF425ABE29688A39003CA25C /* ExternalApp.swift */; };
		BF425AC129688A39003CA25C /* ContentView.swift in Sources */ = {isa = PBXBuildFile; fileRef = BF425AC029688A39003CA25C /* ContentView.swift */; };
		BF425AC329688A3B003CA25C /* Assets.xcassets in Resources */ = {isa = PBXBuildFile; fileRef = BF425AC229688A3B003CA25C /* Assets.xcassets */; };
		BF425AC629688A3B003CA25C /* Preview Assets.xcassets in Resources */ = {isa = PBXBuildFile; fileRef = BF425AC529688A3B003CA25C /* Preview Assets.xcassets */; };
		BF425AD029688A3B003CA25C /* External_AppTests.swift in Sources */ = {isa = PBXBuildFile; fileRef = BF425ACF29688A3B003CA25C /* External_AppTests.swift */; };
		BF425ADA29688A3B003CA25C /* External_AppUITests.swift in Sources */ = {isa = PBXBuildFile; fileRef = BF425AD929688A3B003CA25C /* External_AppUITests.swift */; };
		BF425ADC29688A3B003CA25C /* External_AppUITestsLaunchTests.swift in Sources */ = {isa = PBXBuildFile; fileRef = BF425ADB29688A3B003CA25C /* External_AppUITestsLaunchTests.swift */; };
		BFD083DC297ED15900828777 /* WorkoutsPlayer in Frameworks */ = {isa = PBXBuildFile; productRef = BFD083DB297ED15900828777 /* WorkoutsPlayer */; };
		BFD083E1297EE60E00828777 /* MuuvUtilities.xcframework in Frameworks */ = {isa = PBXBuildFile; fileRef = BFD083DD297EE5E300828777 /* MuuvUtilities.xcframework */; };
		BFD083E2297EE60E00828777 /* MuuvUtilities.xcframework in Embed Frameworks */ = {isa = PBXBuildFile; fileRef = BFD083DD297EE5E300828777 /* MuuvUtilities.xcframework */; settings = {ATTRIBUTES = (CodeSignOnCopy, RemoveHeadersOnCopy, ); }; };
/* End PBXBuildFile section */

/* Begin PBXContainerItemProxy section */
		BF425ACC29688A3B003CA25C /* PBXContainerItemProxy */ = {
			isa = PBXContainerItemProxy;
			containerPortal = BF425AB329688A39003CA25C /* Project object */;
			proxyType = 1;
			remoteGlobalIDString = BF425ABA29688A39003CA25C;
			remoteInfo = "External App";
		};
		BF425AD629688A3B003CA25C /* PBXContainerItemProxy */ = {
			isa = PBXContainerItemProxy;
			containerPortal = BF425AB329688A39003CA25C /* Project object */;
			proxyType = 1;
			remoteGlobalIDString = BF425ABA29688A39003CA25C;
			remoteInfo = "External App";
		};
/* End PBXContainerItemProxy section */

/* Begin PBXCopyFilesBuildPhase section */
		BFD083E3297EE60E00828777 /* Embed Frameworks */ = {
			isa = PBXCopyFilesBuildPhase;
			buildActionMask = 2147483647;
			dstPath = "";
			dstSubfolderSpec = 10;
			files = (
				BFD083E2297EE60E00828777 /* MuuvUtilities.xcframework in Embed Frameworks */,
			);
			name = "Embed Frameworks";
			runOnlyForDeploymentPostprocessing = 0;
		};
/* End PBXCopyFilesBuildPhase section */

/* Begin PBXFileReference section */
		BF0C4207296E0354000EA13A /* WorkoutsPlayer.xcframework */ = {isa = PBXFileReference; lastKnownFileType = wrapper.xcframework; name = WorkoutsPlayer.xcframework; path = "../../af-workouts-player-internal-ios/Scripts/WorkoutsPlayer.xcframework"; sourceTree = "<group>"; };
		BF0C420B296E03C8000EA13A /* WorkoutsPlayerUI.framework */ = {isa = PBXFileReference; lastKnownFileType = wrapper.framework; name = WorkoutsPlayerUI.framework; path = "../../af-workouts-player-internal-ios/Scripts/WorkoutsPlayer.xcframework/ios-arm64_x86_64-simulator/WorkoutsPlayerUI.framework"; sourceTree = "<group>"; };
		BF425ABB29688A39003CA25C /* External App.app */ = {isa = PBXFileReference; explicitFileType = wrapper.application; includeInIndex = 0; path = "External App.app"; sourceTree = BUILT_PRODUCTS_DIR; };
		BF425ABE29688A39003CA25C /* ExternalApp.swift */ = {isa = PBXFileReference; lastKnownFileType = sourcecode.swift; path = ExternalApp.swift; sourceTree = "<group>"; };
		BF425AC029688A39003CA25C /* ContentView.swift */ = {isa = PBXFileReference; lastKnownFileType = sourcecode.swift; path = ContentView.swift; sourceTree = "<group>"; };
		BF425AC229688A3B003CA25C /* Assets.xcassets */ = {isa = PBXFileReference; lastKnownFileType = folder.assetcatalog; path = Assets.xcassets; sourceTree = "<group>"; };
		BF425AC529688A3B003CA25C /* Preview Assets.xcassets */ = {isa = PBXFileReference; lastKnownFileType = folder.assetcatalog; path = "Preview Assets.xcassets"; sourceTree = "<group>"; };
		BF425ACB29688A3B003CA25C /* External AppTests.xctest */ = {isa = PBXFileReference; explicitFileType = wrapper.cfbundle; includeInIndex = 0; path = "External AppTests.xctest"; sourceTree = BUILT_PRODUCTS_DIR; };
		BF425ACF29688A3B003CA25C /* External_AppTests.swift */ = {isa = PBXFileReference; lastKnownFileType = sourcecode.swift; path = External_AppTests.swift; sourceTree = "<group>"; };
		BF425AD529688A3B003CA25C /* External AppUITests.xctest */ = {isa = PBXFileReference; explicitFileType = wrapper.cfbundle; includeInIndex = 0; path = "External AppUITests.xctest"; sourceTree = BUILT_PRODUCTS_DIR; };
		BF425AD929688A3B003CA25C /* External_AppUITests.swift */ = {isa = PBXFileReference; lastKnownFileType = sourcecode.swift; path = External_AppUITests.swift; sourceTree = "<group>"; };
		BF425ADB29688A3B003CA25C /* External_AppUITestsLaunchTests.swift */ = {isa = PBXFileReference; lastKnownFileType = sourcecode.swift; path = External_AppUITestsLaunchTests.swift; sourceTree = "<group>"; };
		BFD083DD297EE5E300828777 /* MuuvUtilities.xcframework */ = {isa = PBXFileReference; lastKnownFileType = wrapper.xcframework; name = MuuvUtilities.xcframework; path = "../../../Github/ios-utilities/Scripts/MuuvUtilities.xcframework"; sourceTree = "<group>"; };
/* End PBXFileReference section */

/* Begin PBXFrameworksBuildPhase section */
		BF425AB829688A39003CA25C /* Frameworks */ = {
			isa = PBXFrameworksBuildPhase;
			buildActionMask = 2147483647;
			files = (
				BFD083DC297ED15900828777 /* WorkoutsPlayer in Frameworks */,
				BFD083E1297EE60E00828777 /* MuuvUtilities.xcframework in Frameworks */,
			);
			runOnlyForDeploymentPostprocessing = 0;
		};
		BF425AC829688A3B003CA25C /* Frameworks */ = {
			isa = PBXFrameworksBuildPhase;
			buildActionMask = 2147483647;
			files = (
			);
			runOnlyForDeploymentPostprocessing = 0;
		};
		BF425AD229688A3B003CA25C /* Frameworks */ = {
			isa = PBXFrameworksBuildPhase;
			buildActionMask = 2147483647;
			files = (
			);
			runOnlyForDeploymentPostprocessing = 0;
		};
/* End PBXFrameworksBuildPhase section */

/* Begin PBXGroup section */
		BF0C4204296E0204000EA13A /* Frameworks */ = {
			isa = PBXGroup;
			children = (
				BFD083DD297EE5E300828777 /* MuuvUtilities.xcframework */,
				BF0C420B296E03C8000EA13A /* WorkoutsPlayerUI.framework */,
				BF0C4207296E0354000EA13A /* WorkoutsPlayer.xcframework */,
			);
			name = Frameworks;
			sourceTree = "<group>";
		};
		BF425AB229688A39003CA25C = {
			isa = PBXGroup;
			children = (
				BF425ABD29688A39003CA25C /* External App */,
				BF425ACE29688A3B003CA25C /* External AppTests */,
				BF425AD829688A3B003CA25C /* External AppUITests */,
				BF425ABC29688A39003CA25C /* Products */,
				BF0C4204296E0204000EA13A /* Frameworks */,
			);
			sourceTree = "<group>";
		};
		BF425ABC29688A39003CA25C /* Products */ = {
			isa = PBXGroup;
			children = (
				BF425ABB29688A39003CA25C /* External App.app */,
				BF425ACB29688A3B003CA25C /* External AppTests.xctest */,
				BF425AD529688A3B003CA25C /* External AppUITests.xctest */,
			);
			name = Products;
			sourceTree = "<group>";
		};
		BF425ABD29688A39003CA25C /* External App */ = {
			isa = PBXGroup;
			children = (
				BF425ABE29688A39003CA25C /* ExternalApp.swift */,
				BF425AC029688A39003CA25C /* ContentView.swift */,
				BF425AC229688A3B003CA25C /* Assets.xcassets */,
				BF425AC429688A3B003CA25C /* Preview Content */,
			);
			path = "External App";
			sourceTree = "<group>";
		};
		BF425AC429688A3B003CA25C /* Preview Content */ = {
			isa = PBXGroup;
			children = (
				BF425AC529688A3B003CA25C /* Preview Assets.xcassets */,
			);
			path = "Preview Content";
			sourceTree = "<group>";
		};
		BF425ACE29688A3B003CA25C /* External AppTests */ = {
			isa = PBXGroup;
			children = (
				BF425ACF29688A3B003CA25C /* External_AppTests.swift */,
			);
			path = "External AppTests";
			sourceTree = "<group>";
		};
		BF425AD829688A3B003CA25C /* External AppUITests */ = {
			isa = PBXGroup;
			children = (
				BF425AD929688A3B003CA25C /* External_AppUITests.swift */,
				BF425ADB29688A3B003CA25C /* External_AppUITestsLaunchTests.swift */,
			);
			path = "External AppUITests";
			sourceTree = "<group>";
		};
/* End PBXGroup section */

/* Begin PBXNativeTarget section */
		BF425ABA29688A39003CA25C /* External App */ = {
			isa = PBXNativeTarget;
			buildConfigurationList = BF425ADF29688A3B003CA25C /* Build configuration list for PBXNativeTarget "External App" */;
			buildPhases = (
				BF425AB729688A39003CA25C /* Sources */,
				BF425AB829688A39003CA25C /* Frameworks */,
				BF425AB929688A39003CA25C /* Resources */,
				BFD083E3297EE60E00828777 /* Embed Frameworks */,
			);
			buildRules = (
			);
			dependencies = (
			);
			name = "External App";
			packageProductDependencies = (
				BFD083DB297ED15900828777 /* WorkoutsPlayer */,
			);
			productName = "External App";
			productReference = BF425ABB29688A39003CA25C /* External App.app */;
			productType = "com.apple.product-type.application";
		};
		BF425ACA29688A3B003CA25C /* External AppTests */ = {
			isa = PBXNativeTarget;
			buildConfigurationList = BF425AE229688A3B003CA25C /* Build configuration list for PBXNativeTarget "External AppTests" */;
			buildPhases = (
				BF425AC729688A3B003CA25C /* Sources */,
				BF425AC829688A3B003CA25C /* Frameworks */,
				BF425AC929688A3B003CA25C /* Resources */,
			);
			buildRules = (
			);
			dependencies = (
				BF425ACD29688A3B003CA25C /* PBXTargetDependency */,
			);
			name = "External AppTests";
			productName = "External AppTests";
			productReference = BF425ACB29688A3B003CA25C /* External AppTests.xctest */;
			productType = "com.apple.product-type.bundle.unit-test";
		};
		BF425AD429688A3B003CA25C /* External AppUITests */ = {
			isa = PBXNativeTarget;
			buildConfigurationList = BF425AE529688A3B003CA25C /* Build configuration list for PBXNativeTarget "External AppUITests" */;
			buildPhases = (
				BF425AD129688A3B003CA25C /* Sources */,
				BF425AD229688A3B003CA25C /* Frameworks */,
				BF425AD329688A3B003CA25C /* Resources */,
			);
			buildRules = (
			);
			dependencies = (
				BF425AD729688A3B003CA25C /* PBXTargetDependency */,
			);
			name = "External AppUITests";
			productName = "External AppUITests";
			productReference = BF425AD529688A3B003CA25C /* External AppUITests.xctest */;
			productType = "com.apple.product-type.bundle.ui-testing";
		};
/* End PBXNativeTarget section */

/* Begin PBXProject section */
		BF425AB329688A39003CA25C /* Project object */ = {
			isa = PBXProject;
			attributes = {
				BuildIndependentTargetsInParallel = 1;
				LastSwiftUpdateCheck = 1420;
				LastUpgradeCheck = 1420;
				TargetAttributes = {
					BF425ABA29688A39003CA25C = {
						CreatedOnToolsVersion = 14.2;
					};
					BF425ACA29688A3B003CA25C = {
						CreatedOnToolsVersion = 14.2;
						TestTargetID = BF425ABA29688A39003CA25C;
					};
					BF425AD429688A3B003CA25C = {
						CreatedOnToolsVersion = 14.2;
						TestTargetID = BF425ABA29688A39003CA25C;
					};
				};
			};
			buildConfigurationList = BF425AB629688A39003CA25C /* Build configuration list for PBXProject "External App" */;
			compatibilityVersion = "Xcode 14.0";
			developmentRegion = en;
			hasScannedForEncodings = 0;
			knownRegions = (
				en,
				Base,
			);
			mainGroup = BF425AB229688A39003CA25C;
			packageReferences = (
				BFD083DA297ED15900828777 /* XCRemoteSwiftPackageReference "af-workouts-player-ios" */,
			);
			productRefGroup = BF425ABC29688A39003CA25C /* Products */;
			projectDirPath = "";
			projectRoot = "";
			targets = (
				BF425ABA29688A39003CA25C /* External App */,
				BF425ACA29688A3B003CA25C /* External AppTests */,
				BF425AD429688A3B003CA25C /* External AppUITests */,
			);
		};
/* End PBXProject section */

/* Begin PBXResourcesBuildPhase section */
		BF425AB929688A39003CA25C /* Resources */ = {
			isa = PBXResourcesBuildPhase;
			buildActionMask = 2147483647;
			files = (
				BF425AC629688A3B003CA25C /* Preview Assets.xcassets in Resources */,
				BF425AC329688A3B003CA25C /* Assets.xcassets in Resources */,
			);
			runOnlyForDeploymentPostprocessing = 0;
		};
		BF425AC929688A3B003CA25C /* Resources */ = {
			isa = PBXResourcesBuildPhase;
			buildActionMask = 2147483647;
			files = (
			);
			runOnlyForDeploymentPostprocessing = 0;
		};
		BF425AD329688A3B003CA25C /* Resources */ = {
			isa = PBXResourcesBuildPhase;
			buildActionMask = 2147483647;
			files = (
			);
			runOnlyForDeploymentPostprocessing = 0;
		};
/* End PBXResourcesBuildPhase section */

/* Begin PBXSourcesBuildPhase section */
		BF425AB729688A39003CA25C /* Sources */ = {
			isa = PBXSourcesBuildPhase;
			buildActionMask = 2147483647;
			files = (
				BF425AC129688A39003CA25C /* ContentView.swift in Sources */,
				BF425ABF29688A39003CA25C /* ExternalApp.swift in Sources */,
			);
			runOnlyForDeploymentPostprocessing = 0;
		};
		BF425AC729688A3B003CA25C /* Sources */ = {
			isa = PBXSourcesBuildPhase;
			buildActionMask = 2147483647;
			files = (
				BF425AD029688A3B003CA25C /* External_AppTests.swift in Sources */,
			);
			runOnlyForDeploymentPostprocessing = 0;
		};
		BF425AD129688A3B003CA25C /* Sources */ = {
			isa = PBXSourcesBuildPhase;
			buildActionMask = 2147483647;
			files = (
				BF425ADA29688A3B003CA25C /* External_AppUITests.swift in Sources */,
				BF425ADC29688A3B003CA25C /* External_AppUITestsLaunchTests.swift in Sources */,
			);
			runOnlyForDeploymentPostprocessing = 0;
		};
/* End PBXSourcesBuildPhase section */

/* Begin PBXTargetDependency section */
		BF425ACD29688A3B003CA25C /* PBXTargetDependency */ = {
			isa = PBXTargetDependency;
			target = BF425ABA29688A39003CA25C /* External App */;
			targetProxy = BF425ACC29688A3B003CA25C /* PBXContainerItemProxy */;
		};
		BF425AD729688A3B003CA25C /* PBXTargetDependency */ = {
			isa = PBXTargetDependency;
			target = BF425ABA29688A39003CA25C /* External App */;
			targetProxy = BF425AD629688A3B003CA25C /* PBXContainerItemProxy */;
		};
/* End PBXTargetDependency section */

/* Begin XCBuildConfiguration section */
		BF425ADD29688A3B003CA25C /* Debug */ = {
			isa = XCBuildConfiguration;
			buildSettings = {
				ALWAYS_SEARCH_USER_PATHS = NO;
				CLANG_ANALYZER_NONNULL = YES;
				CLANG_ANALYZER_NUMBER_OBJECT_CONVERSION = YES_AGGRESSIVE;
				CLANG_CXX_LANGUAGE_STANDARD = "gnu++20";
				CLANG_ENABLE_MODULES = YES;
				CLANG_ENABLE_OBJC_ARC = YES;
				CLANG_ENABLE_OBJC_WEAK = YES;
				CLANG_WARN_BLOCK_CAPTURE_AUTORELEASING = YES;
				CLANG_WARN_BOOL_CONVERSION = YES;
				CLANG_WARN_COMMA = YES;
				CLANG_WARN_CONSTANT_CONVERSION = YES;
				CLANG_WARN_DEPRECATED_OBJC_IMPLEMENTATIONS = YES;
				CLANG_WARN_DIRECT_OBJC_ISA_USAGE = YES_ERROR;
				CLANG_WARN_DOCUMENTATION_COMMENTS = YES;
				CLANG_WARN_EMPTY_BODY = YES;
				CLANG_WARN_ENUM_CONVERSION = YES;
				CLANG_WARN_INFINITE_RECURSION = YES;
				CLANG_WARN_INT_CONVERSION = YES;
				CLANG_WARN_NON_LITERAL_NULL_CONVERSION = YES;
				CLANG_WARN_OBJC_IMPLICIT_RETAIN_SELF = YES;
				CLANG_WARN_OBJC_LITERAL_CONVERSION = YES;
				CLANG_WARN_OBJC_ROOT_CLASS = YES_ERROR;
				CLANG_WARN_QUOTED_INCLUDE_IN_FRAMEWORK_HEADER = YES;
				CLANG_WARN_RANGE_LOOP_ANALYSIS = YES;
				CLANG_WARN_STRICT_PROTOTYPES = YES;
				CLANG_WARN_SUSPICIOUS_MOVE = YES;
				CLANG_WARN_UNGUARDED_AVAILABILITY = YES_AGGRESSIVE;
				CLANG_WARN_UNREACHABLE_CODE = YES;
				CLANG_WARN__DUPLICATE_METHOD_MATCH = YES;
				COPY_PHASE_STRIP = NO;
				DEBUG_INFORMATION_FORMAT = dwarf;
				ENABLE_STRICT_OBJC_MSGSEND = YES;
				ENABLE_TESTABILITY = YES;
				GCC_C_LANGUAGE_STANDARD = gnu11;
				GCC_DYNAMIC_NO_PIC = NO;
				GCC_NO_COMMON_BLOCKS = YES;
				GCC_OPTIMIZATION_LEVEL = 0;
				GCC_PREPROCESSOR_DEFINITIONS = (
					"DEBUG=1",
					"$(inherited)",
				);
				GCC_WARN_64_TO_32_BIT_CONVERSION = YES;
				GCC_WARN_ABOUT_RETURN_TYPE = YES_ERROR;
				GCC_WARN_UNDECLARED_SELECTOR = YES;
				GCC_WARN_UNINITIALIZED_AUTOS = YES_AGGRESSIVE;
				GCC_WARN_UNUSED_FUNCTION = YES;
				GCC_WARN_UNUSED_VARIABLE = YES;
				IPHONEOS_DEPLOYMENT_TARGET = 16.2;
				MTL_ENABLE_DEBUG_INFO = INCLUDE_SOURCE;
				MTL_FAST_MATH = YES;
				ONLY_ACTIVE_ARCH = YES;
				SDKROOT = iphoneos;
				SWIFT_ACTIVE_COMPILATION_CONDITIONS = DEBUG;
				SWIFT_OPTIMIZATION_LEVEL = "-Onone";
			};
			name = Debug;
		};
		BF425ADE29688A3B003CA25C /* Release */ = {
			isa = XCBuildConfiguration;
			buildSettings = {
				ALWAYS_SEARCH_USER_PATHS = NO;
				CLANG_ANALYZER_NONNULL = YES;
				CLANG_ANALYZER_NUMBER_OBJECT_CONVERSION = YES_AGGRESSIVE;
				CLANG_CXX_LANGUAGE_STANDARD = "gnu++20";
				CLANG_ENABLE_MODULES = YES;
				CLANG_ENABLE_OBJC_ARC = YES;
				CLANG_ENABLE_OBJC_WEAK = YES;
				CLANG_WARN_BLOCK_CAPTURE_AUTORELEASING = YES;
				CLANG_WARN_BOOL_CONVERSION = YES;
				CLANG_WARN_COMMA = YES;
				CLANG_WARN_CONSTANT_CONVERSION = YES;
				CLANG_WARN_DEPRECATED_OBJC_IMPLEMENTATIONS = YES;
				CLANG_WARN_DIRECT_OBJC_ISA_USAGE = YES_ERROR;
				CLANG_WARN_DOCUMENTATION_COMMENTS = YES;
				CLANG_WARN_EMPTY_BODY = YES;
				CLANG_WARN_ENUM_CONVERSION = YES;
				CLANG_WARN_INFINITE_RECURSION = YES;
				CLANG_WARN_INT_CONVERSION = YES;
				CLANG_WARN_NON_LITERAL_NULL_CONVERSION = YES;
				CLANG_WARN_OBJC_IMPLICIT_RETAIN_SELF = YES;
				CLANG_WARN_OBJC_LITERAL_CONVERSION = YES;
				CLANG_WARN_OBJC_ROOT_CLASS = YES_ERROR;
				CLANG_WARN_QUOTED_INCLUDE_IN_FRAMEWORK_HEADER = YES;
				CLANG_WARN_RANGE_LOOP_ANALYSIS = YES;
				CLANG_WARN_STRICT_PROTOTYPES = YES;
				CLANG_WARN_SUSPICIOUS_MOVE = YES;
				CLANG_WARN_UNGUARDED_AVAILABILITY = YES_AGGRESSIVE;
				CLANG_WARN_UNREACHABLE_CODE = YES;
				CLANG_WARN__DUPLICATE_METHOD_MATCH = YES;
				COPY_PHASE_STRIP = NO;
				DEBUG_INFORMATION_FORMAT = "dwarf-with-dsym";
				ENABLE_NS_ASSERTIONS = NO;
				ENABLE_STRICT_OBJC_MSGSEND = YES;
				GCC_C_LANGUAGE_STANDARD = gnu11;
				GCC_NO_COMMON_BLOCKS = YES;
				GCC_WARN_64_TO_32_BIT_CONVERSION = YES;
				GCC_WARN_ABOUT_RETURN_TYPE = YES_ERROR;
				GCC_WARN_UNDECLARED_SELECTOR = YES;
				GCC_WARN_UNINITIALIZED_AUTOS = YES_AGGRESSIVE;
				GCC_WARN_UNUSED_FUNCTION = YES;
				GCC_WARN_UNUSED_VARIABLE = YES;
				IPHONEOS_DEPLOYMENT_TARGET = 16.2;
				MTL_ENABLE_DEBUG_INFO = NO;
				MTL_FAST_MATH = YES;
				SDKROOT = iphoneos;
				SWIFT_COMPILATION_MODE = wholemodule;
				SWIFT_OPTIMIZATION_LEVEL = "-O";
				VALIDATE_PRODUCT = YES;
			};
			name = Release;
		};
		BF425AE029688A3B003CA25C /* Debug */ = {
			isa = XCBuildConfiguration;
			buildSettings = {
				ASSETCATALOG_COMPILER_APPICON_NAME = AppIcon;
				ASSETCATALOG_COMPILER_GLOBAL_ACCENT_COLOR_NAME = AccentColor;
				CODE_SIGN_STYLE = Automatic;
				CURRENT_PROJECT_VERSION = 1;
				DEVELOPMENT_ASSET_PATHS = "\"External App/Preview Content\"";
				DEVELOPMENT_TEAM = D44KHQ5H9Z;
				ENABLE_PREVIEWS = YES;
				GENERATE_INFOPLIST_FILE = YES;
				INFOPLIST_KEY_UIApplicationSceneManifest_Generation = YES;
				INFOPLIST_KEY_UIApplicationSupportsIndirectInputEvents = YES;
				INFOPLIST_KEY_UILaunchScreen_Generation = YES;
				INFOPLIST_KEY_UISupportedInterfaceOrientations_iPad = "UIInterfaceOrientationPortrait UIInterfaceOrientationPortraitUpsideDown UIInterfaceOrientationLandscapeLeft UIInterfaceOrientationLandscapeRight";
				INFOPLIST_KEY_UISupportedInterfaceOrientations_iPhone = "UIInterfaceOrientationPortrait UIInterfaceOrientationLandscapeLeft UIInterfaceOrientationLandscapeRight";
				IPHONEOS_DEPLOYMENT_TARGET = 15.0;
				LD_RUNPATH_SEARCH_PATHS = (
					"$(inherited)",
					"@executable_path/Frameworks",
				);
				MARKETING_VERSION = 1.0;
				PRODUCT_BUNDLE_IDENTIFIER = "com.muuvlabs.workouts-player.External-App";
				PRODUCT_NAME = "$(TARGET_NAME)";
				SWIFT_EMIT_LOC_STRINGS = YES;
				SWIFT_VERSION = 5.0;
				TARGETED_DEVICE_FAMILY = "1,2";
			};
			name = Debug;
		};
		BF425AE129688A3B003CA25C /* Release */ = {
			isa = XCBuildConfiguration;
			buildSettings = {
				ASSETCATALOG_COMPILER_APPICON_NAME = AppIcon;
				ASSETCATALOG_COMPILER_GLOBAL_ACCENT_COLOR_NAME = AccentColor;
				CODE_SIGN_STYLE = Automatic;
				CURRENT_PROJECT_VERSION = 1;
				DEVELOPMENT_ASSET_PATHS = "\"External App/Preview Content\"";
				DEVELOPMENT_TEAM = D44KHQ5H9Z;
				ENABLE_PREVIEWS = YES;
				GENERATE_INFOPLIST_FILE = YES;
				INFOPLIST_KEY_UIApplicationSceneManifest_Generation = YES;
				INFOPLIST_KEY_UIApplicationSupportsIndirectInputEvents = YES;
				INFOPLIST_KEY_UILaunchScreen_Generation = YES;
				INFOPLIST_KEY_UISupportedInterfaceOrientations_iPad = "UIInterfaceOrientationPortrait UIInterfaceOrientationPortraitUpsideDown UIInterfaceOrientationLandscapeLeft UIInterfaceOrientationLandscapeRight";
				INFOPLIST_KEY_UISupportedInterfaceOrientations_iPhone = "UIInterfaceOrientationPortrait UIInterfaceOrientationLandscapeLeft UIInterfaceOrientationLandscapeRight";
				IPHONEOS_DEPLOYMENT_TARGET = 15.0;
				LD_RUNPATH_SEARCH_PATHS = (
					"$(inherited)",
					"@executable_path/Frameworks",
				);
				MARKETING_VERSION = 1.0;
				PRODUCT_BUNDLE_IDENTIFIER = "com.muuvlabs.workouts-player.External-App";
				PRODUCT_NAME = "$(TARGET_NAME)";
				SWIFT_EMIT_LOC_STRINGS = YES;
				SWIFT_VERSION = 5.0;
				TARGETED_DEVICE_FAMILY = "1,2";
			};
			name = Release;
		};
		BF425AE329688A3B003CA25C /* Debug */ = {
			isa = XCBuildConfiguration;
			buildSettings = {
				ALWAYS_EMBED_SWIFT_STANDARD_LIBRARIES = YES;
				BUNDLE_LOADER = "$(TEST_HOST)";
				CODE_SIGN_STYLE = Automatic;
				CURRENT_PROJECT_VERSION = 1;
				DEVELOPMENT_TEAM = D44KHQ5H9Z;
				GENERATE_INFOPLIST_FILE = YES;
				IPHONEOS_DEPLOYMENT_TARGET = 16.2;
				MARKETING_VERSION = 1.0;
				PRODUCT_BUNDLE_IDENTIFIER = "com.muuvlabs.workouts-player.External-AppTests";
				PRODUCT_NAME = "$(TARGET_NAME)";
				SWIFT_EMIT_LOC_STRINGS = NO;
				SWIFT_VERSION = 5.0;
				TARGETED_DEVICE_FAMILY = "1,2";
				TEST_HOST = "$(BUILT_PRODUCTS_DIR)/External App.app/$(BUNDLE_EXECUTABLE_FOLDER_PATH)/External App";
			};
			name = Debug;
		};
		BF425AE429688A3B003CA25C /* Release */ = {
			isa = XCBuildConfiguration;
			buildSettings = {
				ALWAYS_EMBED_SWIFT_STANDARD_LIBRARIES = YES;
				BUNDLE_LOADER = "$(TEST_HOST)";
				CODE_SIGN_STYLE = Automatic;
				CURRENT_PROJECT_VERSION = 1;
				DEVELOPMENT_TEAM = D44KHQ5H9Z;
				GENERATE_INFOPLIST_FILE = YES;
				IPHONEOS_DEPLOYMENT_TARGET = 16.2;
				MARKETING_VERSION = 1.0;
				PRODUCT_BUNDLE_IDENTIFIER = "com.muuvlabs.workouts-player.External-AppTests";
				PRODUCT_NAME = "$(TARGET_NAME)";
				SWIFT_EMIT_LOC_STRINGS = NO;
				SWIFT_VERSION = 5.0;
				TARGETED_DEVICE_FAMILY = "1,2";
				TEST_HOST = "$(BUILT_PRODUCTS_DIR)/External App.app/$(BUNDLE_EXECUTABLE_FOLDER_PATH)/External App";
			};
			name = Release;
		};
		BF425AE629688A3B003CA25C /* Debug */ = {
			isa = XCBuildConfiguration;
			buildSettings = {
				ALWAYS_EMBED_SWIFT_STANDARD_LIBRARIES = YES;
				CODE_SIGN_STYLE = Automatic;
				CURRENT_PROJECT_VERSION = 1;
				DEVELOPMENT_TEAM = D44KHQ5H9Z;
				GENERATE_INFOPLIST_FILE = YES;
				MARKETING_VERSION = 1.0;
				PRODUCT_BUNDLE_IDENTIFIER = "com.muuvlabs.workouts-player.External-AppUITests";
				PRODUCT_NAME = "$(TARGET_NAME)";
				SWIFT_EMIT_LOC_STRINGS = NO;
				SWIFT_VERSION = 5.0;
				TARGETED_DEVICE_FAMILY = "1,2";
				TEST_TARGET_NAME = "External App";
			};
			name = Debug;
		};
		BF425AE729688A3B003CA25C /* Release */ = {
			isa = XCBuildConfiguration;
			buildSettings = {
				ALWAYS_EMBED_SWIFT_STANDARD_LIBRARIES = YES;
				CODE_SIGN_STYLE = Automatic;
				CURRENT_PROJECT_VERSION = 1;
				DEVELOPMENT_TEAM = D44KHQ5H9Z;
				GENERATE_INFOPLIST_FILE = YES;
				MARKETING_VERSION = 1.0;
				PRODUCT_BUNDLE_IDENTIFIER = "com.muuvlabs.workouts-player.External-AppUITests";
				PRODUCT_NAME = "$(TARGET_NAME)";
				SWIFT_EMIT_LOC_STRINGS = NO;
				SWIFT_VERSION = 5.0;
				TARGETED_DEVICE_FAMILY = "1,2";
				TEST_TARGET_NAME = "External App";
			};
			name = Release;
		};
/* End XCBuildConfiguration section */

/* Begin XCConfigurationList section */
		BF425AB629688A39003CA25C /* Build configuration list for PBXProject "External App" */ = {
			isa = XCConfigurationList;
			buildConfigurations = (
				BF425ADD29688A3B003CA25C /* Debug */,
				BF425ADE29688A3B003CA25C /* Release */,
			);
			defaultConfigurationIsVisible = 0;
			defaultConfigurationName = Release;
		};
		BF425ADF29688A3B003CA25C /* Build configuration list for PBXNativeTarget "External App" */ = {
			isa = XCConfigurationList;
			buildConfigurations = (
				BF425AE029688A3B003CA25C /* Debug */,
				BF425AE129688A3B003CA25C /* Release */,
			);
			defaultConfigurationIsVisible = 0;
			defaultConfigurationName = Release;
		};
		BF425AE229688A3B003CA25C /* Build configuration list for PBXNativeTarget "External AppTests" */ = {
			isa = XCConfigurationList;
			buildConfigurations = (
				BF425AE329688A3B003CA25C /* Debug */,
				BF425AE429688A3B003CA25C /* Release */,
			);
			defaultConfigurationIsVisible = 0;
			defaultConfigurationName = Release;
		};
		BF425AE529688A3B003CA25C /* Build configuration list for PBXNativeTarget "External AppUITests" */ = {
			isa = XCConfigurationList;
			buildConfigurations = (
				BF425AE629688A3B003CA25C /* Debug */,
				BF425AE729688A3B003CA25C /* Release */,
			);
			defaultConfigurationIsVisible = 0;
			defaultConfigurationName = Release;
		};
/* End XCConfigurationList section */

/* Begin XCRemoteSwiftPackageReference section */
		BFD083DA297ED15900828777 /* XCRemoteSwiftPackageReference "af-workouts-player-ios" */ = {
			isa = XCRemoteSwiftPackageReference;
			repositoryURL = "https://github.com/muuvlabs/af-workouts-player-ios";
			requirement = {
				kind = exactVersion;
				version = 0.0.20;
			};
		};
/* End XCRemoteSwiftPackageReference section */

/* Begin XCSwiftPackageProductDependency section */
		BFD083DB297ED15900828777 /* WorkoutsPlayer */ = {
			isa = XCSwiftPackageProductDependency;
			package = BFD083DA297ED15900828777 /* XCRemoteSwiftPackageReference "af-workouts-player-ios" */;
			productName = WorkoutsPlayer;
		};
/* End XCSwiftPackageProductDependency section */
	};
	rootObject = BF425AB329688A39003CA25C /* Project object */;
}
